
Microsoft Visual Studio Solution File, Format Version 12.00
# Visual Studio Version 16
VisualStudioVersion = 16.0.30114.105
MinimumVisualStudioVersion = 10.0.40219.1
Project("{FAE04EC0-301F-11D3-BF4B-00C04F79EFBC}") = "ConsoleApp", "ConsoleApp\ConsoleApp.csproj", "{AA0645ED-D7C8-48AF-A0A6-D61191398F1E}"
EndProject
Project("{FAE04EC0-301F-11D3-BF4B-00C04F79EFBC}") = "Figures", "Figures\Figures.csproj", "{538DFD36-F847-48BC-A3C8-108DE2A6328D}"
EndProject
Global
	GlobalSection(SolutionConfigurationPlatforms) = preSolution
		Debug|Any CPU = Debug|Any CPU
		Debug|x64 = Debug|x64
		Debug|x86 = Debug|x86
		Release|Any CPU = Release|Any CPU
		Release|x64 = Release|x64
		Release|x86 = Release|x86
	EndGlobalSection
	GlobalSection(ProjectConfigurationPlatforms) = postSolution
		{AA0645ED-D7C8-48AF-A0A6-D61191398F1E}.Debug|Any CPU.ActiveCfg = Debug|Any CPU
		{AA0645ED-D7C8-48AF-A0A6-D61191398F1E}.Debug|Any CPU.Build.0 = Debug|Any CPU
		{AA0645ED-D7C8-48AF-A0A6-D61191398F1E}.Debug|x64.ActiveCfg = Debug|Any CPU
		{AA0645ED-D7C8-48AF-A0A6-D61191398F1E}.Debug|x64.Build.0 = Debug|Any CPU
		{AA0645ED-D7C8-48AF-A0A6-D61191398F1E}.Debug|x86.ActiveCfg = Debug|Any CPU
		{AA0645ED-D7C8-48AF-A0A6-D61191398F1E}.Debug|x86.Build.0 = Debug|Any CPU
		{AA0645ED-D7C8-48AF-A0A6-D61191398F1E}.Release|Any CPU.ActiveCfg = Release|Any CPU
		{AA0645ED-D7C8-48AF-A0A6-D61191398F1E}.Release|Any CPU.Build.0 = Release|Any CPU
		{AA0645ED-D7C8-48AF-A0A6-D61191398F1E}.Release|x64.ActiveCfg = Release|Any CPU
		{AA0645ED-D7C8-48AF-A0A6-D61191398F1E}.Release|x64.Build.0 = Release|Any CPU
		{AA0645ED-D7C8-48AF-A0A6-D61191398F1E}.Release|x86.ActiveCfg = Release|Any CPU
		{AA0645ED-D7C8-48AF-A0A6-D61191398F1E}.Release|x86.Build.0 = Release|Any CPU
		{538DFD36-F847-48BC-A3C8-108DE2A6328D}.Debug|Any CPU.ActiveCfg = Debug|Any CPU
		{538DFD36-F847-48BC-A3C8-108DE2A6328D}.Debug|Any CPU.Build.0 = Debug|Any CPU
		{538DFD36-F847-48BC-A3C8-108DE2A6328D}.Debug|x64.ActiveCfg = Debug|Any CPU
		{538DFD36-F847-48BC-A3C8-108DE2A6328D}.Debug|x64.Build.0 = Debug|Any CPU
		{538DFD36-F847-48BC-A3C8-108DE2A6328D}.Debug|x86.ActiveCfg = Debug|Any CPU
		{538DFD36-F847-48BC-A3C8-108DE2A6328D}.Debug|x86.Build.0 = Debug|Any CPU
		{538DFD36-F847-48BC-A3C8-108DE2A6328D}.Release|Any CPU.ActiveCfg = Release|Any CPU
		{538DFD36-F847-48BC-A3C8-108DE2A6328D}.Release|Any CPU.Build.0 = Release|Any CPU
		{538DFD36-F847-48BC-A3C8-108DE2A6328D}.Release|x64.ActiveCfg = Release|Any CPU
		{538DFD36-F847-48BC-A3C8-108DE2A6328D}.Release|x64.Build.0 = Release|Any CPU
		{538DFD36-F847-48BC-A3C8-108DE2A6328D}.Release|x86.ActiveCfg = Release|Any CPU
		{538DFD36-F847-48BC-A3C8-108DE2A6328D}.Release|x86.Build.0 = Release|Any CPU
	EndGlobalSection
	GlobalSection(SolutionProperties) = preSolution
		HideSolutionNode = FALSE
	EndGlobalSection
	GlobalSection(ExtensibilityGlobals) = postSolution
		SolutionGuid = {1B83AE20-518E-4B3A-98CD-E6D07CB97091}
	EndGlobalSection
EndGlobal
